
Microsoft Visual Studio Solution File, Format Version 12.00
# Visual Studio Version 17
VisualStudioVersion = 17.14.36414.22
MinimumVisualStudioVersion = 10.0.40219.1
Project("{FAE04EC0-301F-11D3-BF4B-00C04F79EFBC}") = "AzureKeyvaultExplorer", "AzureKeyvaultExplorer\AzureKeyvaultExplorer.csproj", "{5BA250CD-1899-4AF4-A0EF-3B1E8C2D36B2}"
EndProject
Project("{2150E333-8FDC-42A3-9474-1A3956D46DE8}") = "Solution Items", "Solution Items", "{8EC462FD-D22E-90A8-E5CE-7E832BA40C5D}"
	ProjectSection(SolutionItems) = preProject
		.github\workflows\dotnet-desktop.yml = .github\workflows\dotnet-desktop.yml
		README.md = README.md
	EndProjectSection
EndProject
Project("{C7167F0D-BC9F-4E6E-AFE1-012C56B48DB5}") = "AzureKeyvaultExplorer.package", "AzureKeyvaultExplorer.package\AzureKeyvaultExplorer.package.wapproj", "{CA507C56-FA53-4DD8-B40D-40F47BEEDA52}"
EndProject
Global
	GlobalSection(SolutionConfigurationPlatforms) = preSolution
		Debug|Any CPU = Debug|Any CPU
		Debug|ARM = Debug|ARM
		Debug|ARM64 = Debug|ARM64
		Debug|x64 = Debug|x64
		Debug|x86 = Debug|x86
		Release|Any CPU = Release|Any CPU
		Release|ARM = Release|ARM
		Release|ARM64 = Release|ARM64
		Release|x64 = Release|x64
		Release|x86 = Release|x86
	EndGlobalSection
	GlobalSection(ProjectConfigurationPlatforms) = postSolution
		{5BA250CD-1899-4AF4-A0EF-3B1E8C2D36B2}.Debug|Any CPU.ActiveCfg = Debug|Any CPU
		{5BA250CD-1899-4AF4-A0EF-3B1E8C2D36B2}.Debug|Any CPU.Build.0 = Debug|Any CPU
		{5BA250CD-1899-4AF4-A0EF-3B1E8C2D36B2}.Debug|ARM.ActiveCfg = Debug|Any CPU
		{5BA250CD-1899-4AF4-A0EF-3B1E8C2D36B2}.Debug|ARM.Build.0 = Debug|Any CPU
		{5BA250CD-1899-4AF4-A0EF-3B1E8C2D36B2}.Debug|ARM64.ActiveCfg = Debug|Any CPU
		{5BA250CD-1899-4AF4-A0EF-3B1E8C2D36B2}.Debug|ARM64.Build.0 = Debug|Any CPU
		{5BA250CD-1899-4AF4-A0EF-3B1E8C2D36B2}.Debug|x64.ActiveCfg = Debug|x64
		{5BA250CD-1899-4AF4-A0EF-3B1E8C2D36B2}.Debug|x64.Build.0 = Debug|x64
		{5BA250CD-1899-4AF4-A0EF-3B1E8C2D36B2}.Debug|x86.ActiveCfg = Debug|Any CPU
		{5BA250CD-1899-4AF4-A0EF-3B1E8C2D36B2}.Debug|x86.Build.0 = Debug|Any CPU
		{5BA250CD-1899-4AF4-A0EF-3B1E8C2D36B2}.Release|Any CPU.ActiveCfg = Release|Any CPU
		{5BA250CD-1899-4AF4-A0EF-3B1E8C2D36B2}.Release|Any CPU.Build.0 = Release|Any CPU
		{5BA250CD-1899-4AF4-A0EF-3B1E8C2D36B2}.Release|ARM.ActiveCfg = Release|Any CPU
		{5BA250CD-1899-4AF4-A0EF-3B1E8C2D36B2}.Release|ARM.Build.0 = Release|Any CPU
		{5BA250CD-1899-4AF4-A0EF-3B1E8C2D36B2}.Release|ARM64.ActiveCfg = Release|Any CPU
		{5BA250CD-1899-4AF4-A0EF-3B1E8C2D36B2}.Release|ARM64.Build.0 = Release|Any CPU
		{5BA250CD-1899-4AF4-A0EF-3B1E8C2D36B2}.Release|x64.ActiveCfg = Release|x64
		{5BA250CD-1899-4AF4-A0EF-3B1E8C2D36B2}.Release|x64.Build.0 = Release|x64
		{5BA250CD-1899-4AF4-A0EF-3B1E8C2D36B2}.Release|x86.ActiveCfg = Release|Any CPU
		{5BA250CD-1899-4AF4-A0EF-3B1E8C2D36B2}.Release|x86.Build.0 = Release|Any CPU
		{CA507C56-FA53-4DD8-B40D-40F47BEEDA52}.Debug|Any CPU.ActiveCfg = Debug|Any CPU
		{CA507C56-FA53-4DD8-B40D-40F47BEEDA52}.Debug|Any CPU.Build.0 = Debug|Any CPU
		{CA507C56-FA53-4DD8-B40D-40F47BEEDA52}.Debug|Any CPU.Deploy.0 = Debug|Any CPU
		{CA507C56-FA53-4DD8-B40D-40F47BEEDA52}.Debug|ARM.ActiveCfg = Debug|ARM
		{CA507C56-FA53-4DD8-B40D-40F47BEEDA52}.Debug|ARM.Build.0 = Debug|ARM
		{CA507C56-FA53-4DD8-B40D-40F47BEEDA52}.Debug|ARM.Deploy.0 = Debug|ARM
		{CA507C56-FA53-4DD8-B40D-40F47BEEDA52}.Debug|ARM64.ActiveCfg = Debug|ARM64
		{CA507C56-FA53-4DD8-B40D-40F47BEEDA52}.Debug|ARM64.Build.0 = Debug|ARM64
		{CA507C56-FA53-4DD8-B40D-40F47BEEDA52}.Debug|ARM64.Deploy.0 = Debug|ARM64
		{CA507C56-FA53-4DD8-B40D-40F47BEEDA52}.Debug|x64.ActiveCfg = Debug|x64
		{CA507C56-FA53-4DD8-B40D-40F47BEEDA52}.Debug|x64.Build.0 = Debug|x64
		{CA507C56-FA53-4DD8-B40D-40F47BEEDA52}.Debug|x64.Deploy.0 = Debug|x64
		{CA507C56-FA53-4DD8-B40D-40F47BEEDA52}.Debug|x86.ActiveCfg = Debug|x86
		{CA507C56-FA53-4DD8-B40D-40F47BEEDA52}.Debug|x86.Build.0 = Debug|x86
		{CA507C56-FA53-4DD8-B40D-40F47BEEDA52}.Debug|x86.Deploy.0 = Debug|x86
		{CA507C56-FA53-4DD8-B40D-40F47BEEDA52}.Release|Any CPU.ActiveCfg = Release|Any CPU
		{CA507C56-FA53-4DD8-B40D-40F47BEEDA52}.Release|Any CPU.Build.0 = Release|Any CPU
		{CA507C56-FA53-4DD8-B40D-40F47BEEDA52}.Release|Any CPU.Deploy.0 = Release|Any CPU
		{CA507C56-FA53-4DD8-B40D-40F47BEEDA52}.Release|ARM.ActiveCfg = Release|ARM
		{CA507C56-FA53-4DD8-B40D-40F47BEEDA52}.Release|ARM.Build.0 = Release|ARM
		{CA507C56-FA53-4DD8-B40D-40F47BEEDA52}.Release|ARM.Deploy.0 = Release|ARM
		{CA507C56-FA53-4DD8-B40D-40F47BEEDA52}.Release|ARM64.ActiveCfg = Release|ARM64
		{CA507C56-FA53-4DD8-B40D-40F47BEEDA52}.Release|ARM64.Build.0 = Release|ARM64
		{CA507C56-FA53-4DD8-B40D-40F47BEEDA52}.Release|ARM64.Deploy.0 = Release|ARM64
		{CA507C56-FA53-4DD8-B40D-40F47BEEDA52}.Release|x64.ActiveCfg = Release|x64
		{CA507C56-FA53-4DD8-B40D-40F47BEEDA52}.Release|x64.Build.0 = Release|x64
		{CA507C56-FA53-4DD8-B40D-40F47BEEDA52}.Release|x64.Deploy.0 = Release|x64
		{CA507C56-FA53-4DD8-B40D-40F47BEEDA52}.Release|x86.ActiveCfg = Release|x86
		{CA507C56-FA53-4DD8-B40D-40F47BEEDA52}.Release|x86.Build.0 = Release|x86
		{CA507C56-FA53-4DD8-B40D-40F47BEEDA52}.Release|x86.Deploy.0 = Release|x86
	EndGlobalSection
	GlobalSection(SolutionProperties) = preSolution
		HideSolutionNode = FALSE
	EndGlobalSection
	GlobalSection(ExtensibilityGlobals) = postSolution
		SolutionGuid = {C8F34C2E-C033-46AC-A23A-9AA957A5164C}
	EndGlobalSection
EndGlobal
